<?xml version="1.0" encoding="utf-8"?>
<Project ToolsVersion="4.0" xmlns="http://schemas.microsoft.com/developer/msbuild/2003">
  <ItemGroup>
    <Filter Include="Source Files">
      <UniqueIdentifier>{4FC737F1-C7A5-4376-A066-2A32D752A2FF}</UniqueIdentifier>
      <Extensions>cpp;c;cc;cxx;c++;cppm;ixx;def;odl;idl;hpj;bat;asm;asmx</Extensions>
    </Filter>
    <Filter Include="Header Files">
      <UniqueIdentifier>{93995380-89BD-4b04-88EB-625FBE52EBFB}</UniqueIdentifier>
      <Extensions>h;hh;hpp;hxx;h++;hm;inl;inc;ipp;xsd</Extensions>
    </Filter>
    <Filter Include="Resource Files">
      <UniqueIdentifier>{67DA6AB6-F800-4c08-8B7A-83BB121AAD01}</UniqueIdentifier>
      <Extensions>rc;ico;cur;bmp;dlg;rc2;rct;bin;rgs;gif;jpg;jpeg;jpe;resx;tiff;tif;png;wav;mfcribbon-ms</Extensions>
    </Filter>
    <Filter Include="Source Files\Map">
      <UniqueIdentifier>{7409c3b9-427f-4a15-a781-3a70df785c57}</UniqueIdentifier>
    </Filter>
    <Filter Include="Source Files\Obj">
      <UniqueIdentifier>{6017e36f-e2a9-4ec0-affa-6690971f9aba}</UniqueIdentifier>
    </Filter>
    <Filter Include="Source Files\Obj\Controls">
      <UniqueIdentifier>{a4c4d064-6ada-429a-8961-0f2f245e8986}</UniqueIdentifier>
    </Filter>
    <Filter Include="Source Files\NewFilter1">
      <UniqueIdentifier>{a8980723-c71e-4f0a-9e84-7a07bf6f69ae}</UniqueIdentifier>
    </Filter>
    <Filter Include="Source Files\Obj\Player">
      <UniqueIdentifier>{b0ed1d82-9b1a-40c3-b5d6-da31afc42c83}</UniqueIdentifier>
    </Filter>
  </ItemGroup>
  <ItemGroup>
    <ClCompile Include="SFML_App.cpp">
      <Filter>Source Files</Filter>
    </ClCompile>
    <ClCompile Include="Borders.cpp">
      <Filter>Source Files\Map</Filter>
    </ClCompile>
    <ClCompile Include="Inputs.cpp">
      <Filter>Source Files\Obj\Controls</Filter>
    </ClCompile>
    <ClCompile Include="Player.cpp">
      <Filter>Source Files\Obj\Player</Filter>
    </ClCompile>
    <ClCompile Include="PlayerData.cpp">
      <Filter>Source Files\Obj\Player</Filter>
    </ClCompile>
  </ItemGroup>
  <ItemGroup>
    <ClInclude Include="Borders.h">
      <Filter>Source Files\Map</Filter>
    </ClInclude>
    <ClInclude Include="Player.h">
      <Filter>Source Files\Obj\Player</Filter>
    </ClInclude>
    <ClInclude Include="PlayerData.h">
      <Filter>Source Files\Obj\Player</Filter>
    </ClInclude>
  </ItemGroup>
</Project>